// !$*UTF8*$!
{
	archiveVersion = 1;
	classes = {
	};
	objectVersion = 52;
	objects = {

/* Begin PBXBuildFile section */
		44E3DABC266D64EB0013A5F3 /* AppDelegate.swift in Sources */ = {isa = PBXBuildFile; fileRef = 44E3DABB266D64EB0013A5F3 /* AppDelegate.swift */; };
		44E3DABE266D64EB0013A5F3 /* SceneDelegate.swift in Sources */ = {isa = PBXBuildFile; fileRef = 44E3DABD266D64EB0013A5F3 /* SceneDelegate.swift */; };
		44E3DAC3266D64EB0013A5F3 /* Main.storyboard in Resources */ = {isa = PBXBuildFile; fileRef = 44E3DAC1266D64EB0013A5F3 /* Main.storyboard */; };
		44E3DAC5266D64EC0013A5F3 /* Assets.xcassets in Resources */ = {isa = PBXBuildFile; fileRef = 44E3DAC4266D64EC0013A5F3 /* Assets.xcassets */; };
		44E3DAC8266D64EC0013A5F3 /* LaunchScreen.storyboard in Resources */ = {isa = PBXBuildFile; fileRef = 44E3DAC6266D64EC0013A5F3 /* LaunchScreen.storyboard */; };
		44E3DAD8266D6A3C0013A5F3 /* SDWebImage in Frameworks */ = {isa = PBXBuildFile; productRef = 44E3DAD7266D6A3C0013A5F3 /* SDWebImage */; };
		44E3DADD266D6B9C0013A5F3 /* AppDelegateService.swift in Sources */ = {isa = PBXBuildFile; fileRef = 44E3DADC266D6B9C0013A5F3 /* AppDelegateService.swift */; };
		44E3DAE0266D6C240013A5F3 /* ServicesProviding.swift in Sources */ = {isa = PBXBuildFile; fileRef = 44E3DADF266D6C240013A5F3 /* ServicesProviding.swift */; };
		44E3DAE3266D6C6E0013A5F3 /* ServicesProvider.swift in Sources */ = {isa = PBXBuildFile; fileRef = 44E3DAE2266D6C6E0013A5F3 /* ServicesProvider.swift */; };
		44E3DAE5266D6EFC0013A5F3 /* SceneDelegateService.swift in Sources */ = {isa = PBXBuildFile; fileRef = 44E3DAE4266D6EFC0013A5F3 /* SceneDelegateService.swift */; };
		44E3DAE7266D71600013A5F3 /* CoordinatorContract.swift in Sources */ = {isa = PBXBuildFile; fileRef = 44E3DAE6266D71600013A5F3 /* CoordinatorContract.swift */; };
		44E3DAEA266D73F30013A5F3 /* SceneCoordinator.swift in Sources */ = {isa = PBXBuildFile; fileRef = 44E3DAE9266D73F30013A5F3 /* SceneCoordinator.swift */; };
		44E3DAEE266D753E0013A5F3 /* EventsCoordinator.swift in Sources */ = {isa = PBXBuildFile; fileRef = 44E3DAED266D753E0013A5F3 /* EventsCoordinator.swift */; };
		44E3DAF3266D78A60013A5F3 /* Storyboard.swift in Sources */ = {isa = PBXBuildFile; fileRef = 44E3DAF2266D78A60013A5F3 /* Storyboard.swift */; };
		44E3DAF6266D79320013A5F3 /* EventsContract.swift in Sources */ = {isa = PBXBuildFile; fileRef = 44E3DAF5266D79320013A5F3 /* EventsContract.swift */; };
		44E3DAF8266D79400013A5F3 /* EventsConfigurator.swift in Sources */ = {isa = PBXBuildFile; fileRef = 44E3DAF7266D79400013A5F3 /* EventsConfigurator.swift */; };
		44E3DAFA266D79510013A5F3 /* EventsViewController.swift in Sources */ = {isa = PBXBuildFile; fileRef = 44E3DAF9266D79510013A5F3 /* EventsViewController.swift */; };
		44E3DAFC266D795C0013A5F3 /* EventsPresenter.swift in Sources */ = {isa = PBXBuildFile; fileRef = 44E3DAFB266D795C0013A5F3 /* EventsPresenter.swift */; };
		44E3DB00266D7B5F0013A5F3 /* UIViewController+Extension.swift in Sources */ = {isa = PBXBuildFile; fileRef = 44E3DAFF266D7B5F0013A5F3 /* UIViewController+Extension.swift */; };
		44E3DB02266D7BCC0013A5F3 /* NameDescribable.swift in Sources */ = {isa = PBXBuildFile; fileRef = 44E3DB01266D7BCC0013A5F3 /* NameDescribable.swift */; };
		44E3DB09266E825B0013A5F3 /* Logging.swift in Sources */ = {isa = PBXBuildFile; fileRef = 44E3DB08266E825B0013A5F3 /* Logging.swift */; };
		44E3DB0C266E83CE0013A5F3 /* NetworkingEnumerations.swift in Sources */ = {isa = PBXBuildFile; fileRef = 44E3DB0B266E83CE0013A5F3 /* NetworkingEnumerations.swift */; };
		44E3DB0E266E840D0013A5F3 /* URLRequestConvertible.swift in Sources */ = {isa = PBXBuildFile; fileRef = 44E3DB0D266E840D0013A5F3 /* URLRequestConvertible.swift */; };
		44E3DB10266E84420013A5F3 /* AppConfiguration.swift in Sources */ = {isa = PBXBuildFile; fileRef = 44E3DB0F266E84420013A5F3 /* AppConfiguration.swift */; };
		44E3DB12266E85BF0013A5F3 /* ServerService.swift in Sources */ = {isa = PBXBuildFile; fileRef = 44E3DB11266E85BF0013A5F3 /* ServerService.swift */; };
		44E3DB15266E860C0013A5F3 /* Types.swift in Sources */ = {isa = PBXBuildFile; fileRef = 44E3DB14266E860C0013A5F3 /* Types.swift */; };
		44E3DB17266E86890013A5F3 /* ServerRequesting.swift in Sources */ = {isa = PBXBuildFile; fileRef = 44E3DB16266E86890013A5F3 /* ServerRequesting.swift */; };
		44E3DB19266E87B10013A5F3 /* ServerResponseProcessing.swift in Sources */ = {isa = PBXBuildFile; fileRef = 44E3DB18266E87B10013A5F3 /* ServerResponseProcessing.swift */; };
		44E3DB1B266E884E0013A5F3 /* URLSessionService.swift in Sources */ = {isa = PBXBuildFile; fileRef = 44E3DB1A266E884E0013A5F3 /* URLSessionService.swift */; };
		44E3DB1E266E88F20013A5F3 /* ServerServicesHelper.swift in Sources */ = {isa = PBXBuildFile; fileRef = 44E3DB1D266E88F20013A5F3 /* ServerServicesHelper.swift */; };
		44E3DB20266E89420013A5F3 /* ErrorCodes.swift in Sources */ = {isa = PBXBuildFile; fileRef = 44E3DB1F266E89420013A5F3 /* ErrorCodes.swift */; };
		44E3DB22266E8A6B0013A5F3 /* NSError+Extension.swift in Sources */ = {isa = PBXBuildFile; fileRef = 44E3DB21266E8A6B0013A5F3 /* NSError+Extension.swift */; };
		44E3DB25266E8B4B0013A5F3 /* Alamofire in Frameworks */ = {isa = PBXBuildFile; productRef = 44E3DB24266E8B4B0013A5F3 /* Alamofire */; };
		44E3DB28266E911B0013A5F3 /* ServerAPI.swift in Sources */ = {isa = PBXBuildFile; fileRef = 44E3DB27266E911B0013A5F3 /* ServerAPI.swift */; };
		44E3DB2B266E91B10013A5F3 /* EventsAPIRouter.swift in Sources */ = {isa = PBXBuildFile; fileRef = 44E3DB2A266E91B10013A5F3 /* EventsAPIRouter.swift */; };
		44E3DB2D266E95440013A5F3 /* EventsServerServiceContract.swift in Sources */ = {isa = PBXBuildFile; fileRef = 44E3DB2C266E95440013A5F3 /* EventsServerServiceContract.swift */; };
		44E3DB2F266E958E0013A5F3 /* EventsServerService.swift in Sources */ = {isa = PBXBuildFile; fileRef = 44E3DB2E266E958E0013A5F3 /* EventsServerService.swift */; };
		44E3DB31266E96CE0013A5F3 /* EventsServiceContract.swift in Sources */ = {isa = PBXBuildFile; fileRef = 44E3DB30266E96CE0013A5F3 /* EventsServiceContract.swift */; };
		44E3DB33266E971A0013A5F3 /* EventsService.swift in Sources */ = {isa = PBXBuildFile; fileRef = 44E3DB32266E971A0013A5F3 /* EventsService.swift */; };
		44E3DB36266EADA10013A5F3 /* VenueModel.swift in Sources */ = {isa = PBXBuildFile; fileRef = 44E3DB35266EADA10013A5F3 /* VenueModel.swift */; };
		44E3DB38266EADB10013A5F3 /* EventModel.swift in Sources */ = {isa = PBXBuildFile; fileRef = 44E3DB37266EADB10013A5F3 /* EventModel.swift */; };
		44E3DB3A266EB0810013A5F3 /* Mapping.swift in Sources */ = {isa = PBXBuildFile; fileRef = 44E3DB39266EB0810013A5F3 /* Mapping.swift */; };
		44E3DB3C266EB32F0013A5F3 /* DateFormatter+Extension.swift in Sources */ = {isa = PBXBuildFile; fileRef = 44E3DB3B266EB32F0013A5F3 /* DateFormatter+Extension.swift */; };
		44E3DB3F266EBB0A0013A5F3 /* DBManagerContract.swift in Sources */ = {isa = PBXBuildFile; fileRef = 44E3DB3E266EBB0A0013A5F3 /* DBManagerContract.swift */; };
		44E3DB41266EBB410013A5F3 /* DBManager.swift in Sources */ = {isa = PBXBuildFile; fileRef = 44E3DB40266EBB410013A5F3 /* DBManager.swift */; };
		44E3DB43266EBC600013A5F3 /* DBObjectService.swift in Sources */ = {isa = PBXBuildFile; fileRef = 44E3DB42266EBC600013A5F3 /* DBObjectService.swift */; };
		44E3DB46266EBCC50013A5F3 /* DBEntity.swift in Sources */ = {isa = PBXBuildFile; fileRef = 44E3DB45266EBCC50013A5F3 /* DBEntity.swift */; };
		44E3DB48266EBD060013A5F3 /* DBObjectIdentifier.swift in Sources */ = {isa = PBXBuildFile; fileRef = 44E3DB47266EBD060013A5F3 /* DBObjectIdentifier.swift */; };
		44E3DB4A266EBD3F0013A5F3 /* DBRequestable.swift in Sources */ = {isa = PBXBuildFile; fileRef = 44E3DB49266EBD3F0013A5F3 /* DBRequestable.swift */; };
		44E3DB4C266EBE220013A5F3 /* DBIdentifibleByIntId.swift in Sources */ = {isa = PBXBuildFile; fileRef = 44E3DB4B266EBE220013A5F3 /* DBIdentifibleByIntId.swift */; };
		44E3DB4E266EC1210013A5F3 /* DBIdentifibleByStringId.swift in Sources */ = {isa = PBXBuildFile; fileRef = 44E3DB4D266EC1210013A5F3 /* DBIdentifibleByStringId.swift */; };
		44E3DB51266EC18D0013A5F3 /* NSManagedObjectContext+Extension.swift in Sources */ = {isa = PBXBuildFile; fileRef = 44E3DB50266EC18D0013A5F3 /* NSManagedObjectContext+Extension.swift */; };
		44E3DB55266EC2DA0013A5F3 /* storage.xcdatamodeld in Sources */ = {isa = PBXBuildFile; fileRef = 44E3DB53266EC2DA0013A5F3 /* storage.xcdatamodeld */; };
		44E3DB57266EC3D60013A5F3 /* Event+Extension.swift in Sources */ = {isa = PBXBuildFile; fileRef = 44E3DB56266EC3D60013A5F3 /* Event+Extension.swift */; };
		44E3DB59266EC3E10013A5F3 /* Venue+Extension.swift in Sources */ = {isa = PBXBuildFile; fileRef = 44E3DB58266EC3E10013A5F3 /* Venue+Extension.swift */; };
		44E3DB5C266EC8040013A5F3 /* DBObjectService+Event.swift in Sources */ = {isa = PBXBuildFile; fileRef = 44E3DB5B266EC8040013A5F3 /* DBObjectService+Event.swift */; };
		6E650658E46FA4115E0F2FE3 /* Pods_Demo.framework in Frameworks */ = {isa = PBXBuildFile; fileRef = A1B943046BCBF9B5C4C57D69 /* Pods_Demo.framework */; };
/* End PBXBuildFile section */

/* Begin PBXFileReference section */
		44E3DAB8266D64EB0013A5F3 /* Demo.app */ = {isa = PBXFileReference; explicitFileType = wrapper.application; includeInIndex = 0; path = Demo.app; sourceTree = BUILT_PRODUCTS_DIR; };
		44E3DABB266D64EB0013A5F3 /* AppDelegate.swift */ = {isa = PBXFileReference; lastKnownFileType = sourcecode.swift; path = AppDelegate.swift; sourceTree = "<group>"; };
		44E3DABD266D64EB0013A5F3 /* SceneDelegate.swift */ = {isa = PBXFileReference; lastKnownFileType = sourcecode.swift; path = SceneDelegate.swift; sourceTree = "<group>"; };
		44E3DAC2266D64EB0013A5F3 /* Base */ = {isa = PBXFileReference; lastKnownFileType = file.storyboard; name = Base; path = Base.lproj/Main.storyboard; sourceTree = "<group>"; };
		44E3DAC4266D64EC0013A5F3 /* Assets.xcassets */ = {isa = PBXFileReference; lastKnownFileType = folder.assetcatalog; path = Assets.xcassets; sourceTree = "<group>"; };
		44E3DAC7266D64EC0013A5F3 /* Base */ = {isa = PBXFileReference; lastKnownFileType = file.storyboard; name = Base; path = Base.lproj/LaunchScreen.storyboard; sourceTree = "<group>"; };
		44E3DAC9266D64EC0013A5F3 /* Info.plist */ = {isa = PBXFileReference; lastKnownFileType = text.plist.xml; path = Info.plist; sourceTree = "<group>"; };
		44E3DADC266D6B9C0013A5F3 /* AppDelegateService.swift */ = {isa = PBXFileReference; lastKnownFileType = sourcecode.swift; path = AppDelegateService.swift; sourceTree = "<group>"; };
		44E3DADF266D6C240013A5F3 /* ServicesProviding.swift */ = {isa = PBXFileReference; lastKnownFileType = sourcecode.swift; path = ServicesProviding.swift; sourceTree = "<group>"; };
		44E3DAE2266D6C6E0013A5F3 /* ServicesProvider.swift */ = {isa = PBXFileReference; lastKnownFileType = sourcecode.swift; path = ServicesProvider.swift; sourceTree = "<group>"; };
		44E3DAE4266D6EFC0013A5F3 /* SceneDelegateService.swift */ = {isa = PBXFileReference; lastKnownFileType = sourcecode.swift; path = SceneDelegateService.swift; sourceTree = "<group>"; };
		44E3DAE6266D71600013A5F3 /* CoordinatorContract.swift */ = {isa = PBXFileReference; lastKnownFileType = sourcecode.swift; path = CoordinatorContract.swift; sourceTree = "<group>"; };
		44E3DAE9266D73F30013A5F3 /* SceneCoordinator.swift */ = {isa = PBXFileReference; lastKnownFileType = sourcecode.swift; path = SceneCoordinator.swift; sourceTree = "<group>"; };
		44E3DAED266D753E0013A5F3 /* EventsCoordinator.swift */ = {isa = PBXFileReference; lastKnownFileType = sourcecode.swift; path = EventsCoordinator.swift; sourceTree = "<group>"; };
		44E3DAF2266D78A60013A5F3 /* Storyboard.swift */ = {isa = PBXFileReference; lastKnownFileType = sourcecode.swift; path = Storyboard.swift; sourceTree = "<group>"; };
		44E3DAF5266D79320013A5F3 /* EventsContract.swift */ = {isa = PBXFileReference; lastKnownFileType = sourcecode.swift; path = EventsContract.swift; sourceTree = "<group>"; };
		44E3DAF7266D79400013A5F3 /* EventsConfigurator.swift */ = {isa = PBXFileReference; lastKnownFileType = sourcecode.swift; path = EventsConfigurator.swift; sourceTree = "<group>"; };
		44E3DAF9266D79510013A5F3 /* EventsViewController.swift */ = {isa = PBXFileReference; lastKnownFileType = sourcecode.swift; path = EventsViewController.swift; sourceTree = "<group>"; };
		44E3DAFB266D795C0013A5F3 /* EventsPresenter.swift */ = {isa = PBXFileReference; lastKnownFileType = sourcecode.swift; path = EventsPresenter.swift; sourceTree = "<group>"; };
		44E3DAFF266D7B5F0013A5F3 /* UIViewController+Extension.swift */ = {isa = PBXFileReference; lastKnownFileType = sourcecode.swift; path = "UIViewController+Extension.swift"; sourceTree = "<group>"; };
		44E3DB01266D7BCC0013A5F3 /* NameDescribable.swift */ = {isa = PBXFileReference; lastKnownFileType = sourcecode.swift; path = NameDescribable.swift; sourceTree = "<group>"; };
		44E3DB08266E825B0013A5F3 /* Logging.swift */ = {isa = PBXFileReference; lastKnownFileType = sourcecode.swift; path = Logging.swift; sourceTree = "<group>"; };
		44E3DB0B266E83CE0013A5F3 /* NetworkingEnumerations.swift */ = {isa = PBXFileReference; lastKnownFileType = sourcecode.swift; path = NetworkingEnumerations.swift; sourceTree = "<group>"; };
		44E3DB0D266E840D0013A5F3 /* URLRequestConvertible.swift */ = {isa = PBXFileReference; lastKnownFileType = sourcecode.swift; path = URLRequestConvertible.swift; sourceTree = "<group>"; };
		44E3DB0F266E84420013A5F3 /* AppConfiguration.swift */ = {isa = PBXFileReference; lastKnownFileType = sourcecode.swift; path = AppConfiguration.swift; sourceTree = "<group>"; };
		44E3DB11266E85BF0013A5F3 /* ServerService.swift */ = {isa = PBXFileReference; lastKnownFileType = sourcecode.swift; path = ServerService.swift; sourceTree = "<group>"; };
		44E3DB14266E860C0013A5F3 /* Types.swift */ = {isa = PBXFileReference; lastKnownFileType = sourcecode.swift; path = Types.swift; sourceTree = "<group>"; };
		44E3DB16266E86890013A5F3 /* ServerRequesting.swift */ = {isa = PBXFileReference; lastKnownFileType = sourcecode.swift; path = ServerRequesting.swift; sourceTree = "<group>"; };
		44E3DB18266E87B10013A5F3 /* ServerResponseProcessing.swift */ = {isa = PBXFileReference; lastKnownFileType = sourcecode.swift; path = ServerResponseProcessing.swift; sourceTree = "<group>"; };
		44E3DB1A266E884E0013A5F3 /* URLSessionService.swift */ = {isa = PBXFileReference; lastKnownFileType = sourcecode.swift; path = URLSessionService.swift; sourceTree = "<group>"; };
		44E3DB1D266E88F20013A5F3 /* ServerServicesHelper.swift */ = {isa = PBXFileReference; lastKnownFileType = sourcecode.swift; path = ServerServicesHelper.swift; sourceTree = "<group>"; };
		44E3DB1F266E89420013A5F3 /* ErrorCodes.swift */ = {isa = PBXFileReference; lastKnownFileType = sourcecode.swift; path = ErrorCodes.swift; sourceTree = "<group>"; };
		44E3DB21266E8A6B0013A5F3 /* NSError+Extension.swift */ = {isa = PBXFileReference; lastKnownFileType = sourcecode.swift; path = "NSError+Extension.swift"; sourceTree = "<group>"; };
		44E3DB27266E911B0013A5F3 /* ServerAPI.swift */ = {isa = PBXFileReference; lastKnownFileType = sourcecode.swift; path = ServerAPI.swift; sourceTree = "<group>"; };
		44E3DB2A266E91B10013A5F3 /* EventsAPIRouter.swift */ = {isa = PBXFileReference; lastKnownFileType = sourcecode.swift; path = EventsAPIRouter.swift; sourceTree = "<group>"; };
		44E3DB2C266E95440013A5F3 /* EventsServerServiceContract.swift */ = {isa = PBXFileReference; lastKnownFileType = sourcecode.swift; path = EventsServerServiceContract.swift; sourceTree = "<group>"; };
		44E3DB2E266E958E0013A5F3 /* EventsServerService.swift */ = {isa = PBXFileReference; lastKnownFileType = sourcecode.swift; path = EventsServerService.swift; sourceTree = "<group>"; };
		44E3DB30266E96CE0013A5F3 /* EventsServiceContract.swift */ = {isa = PBXFileReference; lastKnownFileType = sourcecode.swift; path = EventsServiceContract.swift; sourceTree = "<group>"; };
		44E3DB32266E971A0013A5F3 /* EventsService.swift */ = {isa = PBXFileReference; lastKnownFileType = sourcecode.swift; path = EventsService.swift; sourceTree = "<group>"; };
		44E3DB35266EADA10013A5F3 /* VenueModel.swift */ = {isa = PBXFileReference; lastKnownFileType = sourcecode.swift; path = VenueModel.swift; sourceTree = "<group>"; };
		44E3DB37266EADB10013A5F3 /* EventModel.swift */ = {isa = PBXFileReference; lastKnownFileType = sourcecode.swift; path = EventModel.swift; sourceTree = "<group>"; };
		44E3DB39266EB0810013A5F3 /* Mapping.swift */ = {isa = PBXFileReference; lastKnownFileType = sourcecode.swift; path = Mapping.swift; sourceTree = "<group>"; };
		44E3DB3B266EB32F0013A5F3 /* DateFormatter+Extension.swift */ = {isa = PBXFileReference; lastKnownFileType = sourcecode.swift; path = "DateFormatter+Extension.swift"; sourceTree = "<group>"; };
		44E3DB3E266EBB0A0013A5F3 /* DBManagerContract.swift */ = {isa = PBXFileReference; lastKnownFileType = sourcecode.swift; path = DBManagerContract.swift; sourceTree = "<group>"; };
		44E3DB40266EBB410013A5F3 /* DBManager.swift */ = {isa = PBXFileReference; lastKnownFileType = sourcecode.swift; path = DBManager.swift; sourceTree = "<group>"; };
		44E3DB42266EBC600013A5F3 /* DBObjectService.swift */ = {isa = PBXFileReference; lastKnownFileType = sourcecode.swift; path = DBObjectService.swift; sourceTree = "<group>"; };
		44E3DB45266EBCC50013A5F3 /* DBEntity.swift */ = {isa = PBXFileReference; lastKnownFileType = sourcecode.swift; path = DBEntity.swift; sourceTree = "<group>"; };
		44E3DB47266EBD060013A5F3 /* DBObjectIdentifier.swift */ = {isa = PBXFileReference; lastKnownFileType = sourcecode.swift; path = DBObjectIdentifier.swift; sourceTree = "<group>"; };
		44E3DB49266EBD3F0013A5F3 /* DBRequestable.swift */ = {isa = PBXFileReference; lastKnownFileType = sourcecode.swift; path = DBRequestable.swift; sourceTree = "<group>"; };
		44E3DB4B266EBE220013A5F3 /* DBIdentifibleByIntId.swift */ = {isa = PBXFileReference; lastKnownFileType = sourcecode.swift; path = DBIdentifibleByIntId.swift; sourceTree = "<group>"; };
		44E3DB4D266EC1210013A5F3 /* DBIdentifibleByStringId.swift */ = {isa = PBXFileReference; lastKnownFileType = sourcecode.swift; path = DBIdentifibleByStringId.swift; sourceTree = "<group>"; };
		44E3DB50266EC18D0013A5F3 /* NSManagedObjectContext+Extension.swift */ = {isa = PBXFileReference; lastKnownFileType = sourcecode.swift; path = "NSManagedObjectContext+Extension.swift"; sourceTree = "<group>"; };
		44E3DB54266EC2DA0013A5F3 /* storage.xcdatamodel */ = {isa = PBXFileReference; lastKnownFileType = wrapper.xcdatamodel; path = storage.xcdatamodel; sourceTree = "<group>"; };
		44E3DB56266EC3D60013A5F3 /* Event+Extension.swift */ = {isa = PBXFileReference; lastKnownFileType = sourcecode.swift; path = "Event+Extension.swift"; sourceTree = "<group>"; };
		44E3DB58266EC3E10013A5F3 /* Venue+Extension.swift */ = {isa = PBXFileReference; lastKnownFileType = sourcecode.swift; path = "Venue+Extension.swift"; sourceTree = "<group>"; };
		44E3DB5B266EC8040013A5F3 /* DBObjectService+Event.swift */ = {isa = PBXFileReference; lastKnownFileType = sourcecode.swift; path = "DBObjectService+Event.swift"; sourceTree = "<group>"; };
		531F493955155E61031A744C /* Pods-Demo.release.xcconfig */ = {isa = PBXFileReference; includeInIndex = 1; lastKnownFileType = text.xcconfig; name = "Pods-Demo.release.xcconfig"; path = "Target Support Files/Pods-Demo/Pods-Demo.release.xcconfig"; sourceTree = "<group>"; };
		9C909F1BD8C71C2BE7AA4336 /* Pods-Demo.debug.xcconfig */ = {isa = PBXFileReference; includeInIndex = 1; lastKnownFileType = text.xcconfig; name = "Pods-Demo.debug.xcconfig"; path = "Target Support Files/Pods-Demo/Pods-Demo.debug.xcconfig"; sourceTree = "<group>"; };
		A1B943046BCBF9B5C4C57D69 /* Pods_Demo.framework */ = {isa = PBXFileReference; explicitFileType = wrapper.framework; includeInIndex = 0; path = Pods_Demo.framework; sourceTree = BUILT_PRODUCTS_DIR; };
/* End PBXFileReference section */

/* Begin PBXFrameworksBuildPhase section */
		44E3DAB5266D64EB0013A5F3 /* Frameworks */ = {
			isa = PBXFrameworksBuildPhase;
			buildActionMask = 2147483647;
			files = (
				44E3DAD8266D6A3C0013A5F3 /* SDWebImage in Frameworks */,
				44E3DB25266E8B4B0013A5F3 /* Alamofire in Frameworks */,
				6E650658E46FA4115E0F2FE3 /* Pods_Demo.framework in Frameworks */,
			);
			runOnlyForDeploymentPostprocessing = 0;
		};
/* End PBXFrameworksBuildPhase section */

/* Begin PBXGroup section */
		44E3DAAF266D64EB0013A5F3 = {
			isa = PBXGroup;
			children = (
				44E3DABA266D64EB0013A5F3 /* Demo */,
				44E3DAB9266D64EB0013A5F3 /* Products */,
				5E4E0353315F44EDAF6EF2B9 /* Pods */,
				BE6679A8147EDB0F50203D0A /* Frameworks */,
			);
			sourceTree = "<group>";
		};
		44E3DAB9266D64EB0013A5F3 /* Products */ = {
			isa = PBXGroup;
			children = (
				44E3DAB8266D64EB0013A5F3 /* Demo.app */,
			);
			name = Products;
			sourceTree = "<group>";
		};
		44E3DABA266D64EB0013A5F3 /* Demo */ = {
			isa = PBXGroup;
			children = (
				44E3DABB266D64EB0013A5F3 /* AppDelegate.swift */,
				44E3DADC266D6B9C0013A5F3 /* AppDelegateService.swift */,
				44E3DABD266D64EB0013A5F3 /* SceneDelegate.swift */,
				44E3DAE4266D6EFC0013A5F3 /* SceneDelegateService.swift */,
				44E3DB0F266E84420013A5F3 /* AppConfiguration.swift */,
				44E3DB34266EAD890013A5F3 /* Data */,
				44E3DACF266D68460013A5F3 /* UI */,
				44E3DAD0266D684C0013A5F3 /* Utils */,
				44E3DAC1266D64EB0013A5F3 /* Main.storyboard */,
				44E3DAC4266D64EC0013A5F3 /* Assets.xcassets */,
				44E3DAC6266D64EC0013A5F3 /* LaunchScreen.storyboard */,
				44E3DAC9266D64EC0013A5F3 /* Info.plist */,
			);
			path = Demo;
			sourceTree = "<group>";
		};
		44E3DACF266D68460013A5F3 /* UI */ = {
			isa = PBXGroup;
			children = (
				44E3DAE9266D73F30013A5F3 /* SceneCoordinator.swift */,
				44E3DAEB266D74D20013A5F3 /* Flows */,
			);
			path = UI;
			sourceTree = "<group>";
		};
		44E3DAD0266D684C0013A5F3 /* Utils */ = {
			isa = PBXGroup;
			children = (
				44E3DB14266E860C0013A5F3 /* Types.swift */,
				44E3DB1F266E89420013A5F3 /* ErrorCodes.swift */,
				44E3DB3D266EBA960013A5F3 /* Database */,
				44E3DB07266E81FA0013A5F3 /* Logging */,
				44E3DB06266E81EA0013A5F3 /* Networking */,
				44E3DAFD266D7B440013A5F3 /* Extensions */,
				44E3DAF1266D78930013A5F3 /* Enumerations */,
				44E3DAE1266D6C5A0013A5F3 /* Services */,
				44E3DADE266D6C070013A5F3 /* Protocols */,
			);
			path = Utils;
			sourceTree = "<group>";
		};
		44E3DADE266D6C070013A5F3 /* Protocols */ = {
			isa = PBXGroup;
			children = (
				44E3DAEF266D76260013A5F3 /* Coodinator */,
				44E3DADF266D6C240013A5F3 /* ServicesProviding.swift */,
				44E3DB01266D7BCC0013A5F3 /* NameDescribable.swift */,
			);
			path = Protocols;
			sourceTree = "<group>";
		};
		44E3DAE1266D6C5A0013A5F3 /* Services */ = {
			isa = PBXGroup;
			children = (
				44E3DAE2266D6C6E0013A5F3 /* ServicesProvider.swift */,
				44E3DB05266E81D10013A5F3 /* Events */,
			);
			path = Services;
			sourceTree = "<group>";
		};
		44E3DAEB266D74D20013A5F3 /* Flows */ = {
			isa = PBXGroup;
			children = (
				44E3DAEC266D75100013A5F3 /* Events */,
			);
			path = Flows;
			sourceTree = "<group>";
		};
		44E3DAEC266D75100013A5F3 /* Events */ = {
			isa = PBXGroup;
			children = (
				44E3DAED266D753E0013A5F3 /* EventsCoordinator.swift */,
				44E3DAF4266D79210013A5F3 /* Events */,
			);
			path = Events;
			sourceTree = "<group>";
		};
		44E3DAEF266D76260013A5F3 /* Coodinator */ = {
			isa = PBXGroup;
			children = (
				44E3DAE6266D71600013A5F3 /* CoordinatorContract.swift */,
			);
			path = Coodinator;
			sourceTree = "<group>";
		};
		44E3DAF1266D78930013A5F3 /* Enumerations */ = {
			isa = PBXGroup;
			children = (
				44E3DAF2266D78A60013A5F3 /* Storyboard.swift */,
			);
			path = Enumerations;
			sourceTree = "<group>";
		};
		44E3DAF4266D79210013A5F3 /* Events */ = {
			isa = PBXGroup;
			children = (
				44E3DAF5266D79320013A5F3 /* EventsContract.swift */,
				44E3DAF7266D79400013A5F3 /* EventsConfigurator.swift */,
				44E3DAF9266D79510013A5F3 /* EventsViewController.swift */,
				44E3DAFB266D795C0013A5F3 /* EventsPresenter.swift */,
			);
			path = Events;
			sourceTree = "<group>";
		};
		44E3DAFD266D7B440013A5F3 /* Extensions */ = {
			isa = PBXGroup;
			children = (
				44E3DB4F266EC1800013A5F3 /* CoreData */,
				44E3DAFE266D7B4D0013A5F3 /* UIKit */,
				44E3DB21266E8A6B0013A5F3 /* NSError+Extension.swift */,
				44E3DB3B266EB32F0013A5F3 /* DateFormatter+Extension.swift */,
			);
			path = Extensions;
			sourceTree = "<group>";
		};
		44E3DAFE266D7B4D0013A5F3 /* UIKit */ = {
			isa = PBXGroup;
			children = (
				44E3DAFF266D7B5F0013A5F3 /* UIViewController+Extension.swift */,
			);
			path = UIKit;
			sourceTree = "<group>";
		};
		44E3DB05266E81D10013A5F3 /* Events */ = {
			isa = PBXGroup;
			children = (
				44E3DB30266E96CE0013A5F3 /* EventsServiceContract.swift */,
				44E3DB32266E971A0013A5F3 /* EventsService.swift */,
			);
			path = Events;
			sourceTree = "<group>";
		};
		44E3DB06266E81EA0013A5F3 /* Networking */ = {
			isa = PBXGroup;
			children = (
				44E3DB0A266E83C40013A5F3 /* Core */,
				44E3DB26266E90EF0013A5F3 /* API */,
			);
			path = Networking;
			sourceTree = "<group>";
		};
		44E3DB07266E81FA0013A5F3 /* Logging */ = {
			isa = PBXGroup;
			children = (
				44E3DB08266E825B0013A5F3 /* Logging.swift */,
			);
			path = Logging;
			sourceTree = "<group>";
		};
		44E3DB0A266E83C40013A5F3 /* Core */ = {
			isa = PBXGroup;
			children = (
				44E3DB0B266E83CE0013A5F3 /* NetworkingEnumerations.swift */,
				44E3DB0D266E840D0013A5F3 /* URLRequestConvertible.swift */,
				44E3DB11266E85BF0013A5F3 /* ServerService.swift */,
				44E3DB16266E86890013A5F3 /* ServerRequesting.swift */,
				44E3DB18266E87B10013A5F3 /* ServerResponseProcessing.swift */,
				44E3DB1A266E884E0013A5F3 /* URLSessionService.swift */,
				44E3DB1D266E88F20013A5F3 /* ServerServicesHelper.swift */,
			);
			path = Core;
			sourceTree = "<group>";
		};
		44E3DB26266E90EF0013A5F3 /* API */ = {
			isa = PBXGroup;
			children = (
				44E3DB27266E911B0013A5F3 /* ServerAPI.swift */,
				44E3DB29266E919B0013A5F3 /* EventsAPI */,
			);
			path = API;
			sourceTree = "<group>";
		};
		44E3DB29266E919B0013A5F3 /* EventsAPI */ = {
			isa = PBXGroup;
			children = (
				44E3DB2A266E91B10013A5F3 /* EventsAPIRouter.swift */,
				44E3DB2C266E95440013A5F3 /* EventsServerServiceContract.swift */,
				44E3DB2E266E958E0013A5F3 /* EventsServerService.swift */,
			);
			path = EventsAPI;
			sourceTree = "<group>";
		};
		44E3DB34266EAD890013A5F3 /* Data */ = {
			isa = PBXGroup;
			children = (
				44E3DB39266EB0810013A5F3 /* Mapping.swift */,
				44E3DB35266EADA10013A5F3 /* VenueModel.swift */,
				44E3DB37266EADB10013A5F3 /* EventModel.swift */,
			);
			path = Data;
			sourceTree = "<group>";
		};
		44E3DB3D266EBA960013A5F3 /* Database */ = {
			isa = PBXGroup;
			children = (
				44E3DB3E266EBB0A0013A5F3 /* DBManagerContract.swift */,
				44E3DB40266EBB410013A5F3 /* DBManager.swift */,
				44E3DB42266EBC600013A5F3 /* DBObjectService.swift */,
				44E3DB53266EC2DA0013A5F3 /* storage.xcdatamodeld */,
				44E3DB5A266EC7B70013A5F3 /* DBObjectServiceExtensions */,
				44E3DB44266EBCB90013A5F3 /* Protocols */,
				44E3DB52266EC29E0013A5F3 /* DataModels */,
			);
			path = Database;
			sourceTree = "<group>";
		};
		44E3DB44266EBCB90013A5F3 /* Protocols */ = {
			isa = PBXGroup;
			children = (
				44E3DB45266EBCC50013A5F3 /* DBEntity.swift */,
				44E3DB47266EBD060013A5F3 /* DBObjectIdentifier.swift */,
				44E3DB49266EBD3F0013A5F3 /* DBRequestable.swift */,
				44E3DB4B266EBE220013A5F3 /* DBIdentifibleByIntId.swift */,
				44E3DB4D266EC1210013A5F3 /* DBIdentifibleByStringId.swift */,
			);
			path = Protocols;
			sourceTree = "<group>";
		};
		44E3DB4F266EC1800013A5F3 /* CoreData */ = {
			isa = PBXGroup;
			children = (
				44E3DB50266EC18D0013A5F3 /* NSManagedObjectContext+Extension.swift */,
			);
			path = CoreData;
			sourceTree = "<group>";
		};
		44E3DB52266EC29E0013A5F3 /* DataModels */ = {
			isa = PBXGroup;
			children = (
				44E3DB56266EC3D60013A5F3 /* Event+Extension.swift */,
				44E3DB58266EC3E10013A5F3 /* Venue+Extension.swift */,
			);
			path = DataModels;
			sourceTree = "<group>";
		};
		44E3DB5A266EC7B70013A5F3 /* DBObjectServiceExtensions */ = {
			isa = PBXGroup;
			children = (
				44E3DB5B266EC8040013A5F3 /* DBObjectService+Event.swift */,
			);
			path = DBObjectServiceExtensions;
			sourceTree = "<group>";
		};
		5E4E0353315F44EDAF6EF2B9 /* Pods */ = {
			isa = PBXGroup;
			children = (
				9C909F1BD8C71C2BE7AA4336 /* Pods-Demo.debug.xcconfig */,
				531F493955155E61031A744C /* Pods-Demo.release.xcconfig */,
			);
			path = Pods;
			sourceTree = "<group>";
		};
		BE6679A8147EDB0F50203D0A /* Frameworks */ = {
			isa = PBXGroup;
			children = (
				A1B943046BCBF9B5C4C57D69 /* Pods_Demo.framework */,
			);
			name = Frameworks;
			sourceTree = "<group>";
		};
/* End PBXGroup section */

/* Begin PBXNativeTarget section */
		44E3DAB7266D64EB0013A5F3 /* Demo */ = {
			isa = PBXNativeTarget;
			buildConfigurationList = 44E3DACC266D64EC0013A5F3 /* Build configuration list for PBXNativeTarget "Demo" */;
			buildPhases = (
				8D11708BC984D5FF33914711 /* [CP] Check Pods Manifest.lock */,
				44E3DAB4266D64EB0013A5F3 /* Sources */,
				44E3DAB5266D64EB0013A5F3 /* Frameworks */,
				44E3DAB6266D64EB0013A5F3 /* Resources */,
				6870A7870CC1573A1B1B04BF /* [CP] Embed Pods Frameworks */,
			);
			buildRules = (
			);
			dependencies = (
			);
			name = Demo;
			packageProductDependencies = (
				44E3DAD7266D6A3C0013A5F3 /* SDWebImage */,
				44E3DB24266E8B4B0013A5F3 /* Alamofire */,
			);
			productName = Demo;
			productReference = 44E3DAB8266D64EB0013A5F3 /* Demo.app */;
			productType = "com.apple.product-type.application";
		};
/* End PBXNativeTarget section */

/* Begin PBXProject section */
		44E3DAB0266D64EB0013A5F3 /* Project object */ = {
			isa = PBXProject;
			attributes = {
				LastSwiftUpdateCheck = 1250;
				LastUpgradeCheck = 1250;
				TargetAttributes = {
					44E3DAB7266D64EB0013A5F3 = {
						CreatedOnToolsVersion = 12.5;
					};
				};
			};
			buildConfigurationList = 44E3DAB3266D64EB0013A5F3 /* Build configuration list for PBXProject "Demo" */;
			compatibilityVersion = "Xcode 9.3";
			developmentRegion = en;
			hasScannedForEncodings = 0;
			knownRegions = (
				en,
				Base,
			);
			mainGroup = 44E3DAAF266D64EB0013A5F3;
			packageReferences = (
				44E3DAD6266D6A3C0013A5F3 /* XCRemoteSwiftPackageReference "SDWebImage" */,
				44E3DB23266E8B4B0013A5F3 /* XCRemoteSwiftPackageReference "Alamofire" */,
			);
			productRefGroup = 44E3DAB9266D64EB0013A5F3 /* Products */;
			projectDirPath = "";
			projectRoot = "";
			targets = (
				44E3DAB7266D64EB0013A5F3 /* Demo */,
			);
		};
/* End PBXProject section */

/* Begin PBXResourcesBuildPhase section */
		44E3DAB6266D64EB0013A5F3 /* Resources */ = {
			isa = PBXResourcesBuildPhase;
			buildActionMask = 2147483647;
			files = (
				44E3DAC8266D64EC0013A5F3 /* LaunchScreen.storyboard in Resources */,
				44E3DAC5266D64EC0013A5F3 /* Assets.xcassets in Resources */,
				44E3DAC3266D64EB0013A5F3 /* Main.storyboard in Resources */,
			);
			runOnlyForDeploymentPostprocessing = 0;
		};
/* End PBXResourcesBuildPhase section */

/* Begin PBXShellScriptBuildPhase section */
		6870A7870CC1573A1B1B04BF /* [CP] Embed Pods Frameworks */ = {
			isa = PBXShellScriptBuildPhase;
			buildActionMask = 2147483647;
			files = (
			);
			inputFileListPaths = (
				"${PODS_ROOT}/Target Support Files/Pods-Demo/Pods-Demo-frameworks-${CONFIGURATION}-input-files.xcfilelist",
			);
			name = "[CP] Embed Pods Frameworks";
			outputFileListPaths = (
				"${PODS_ROOT}/Target Support Files/Pods-Demo/Pods-Demo-frameworks-${CONFIGURATION}-output-files.xcfilelist",
			);
			runOnlyForDeploymentPostprocessing = 0;
			shellPath = /bin/sh;
			shellScript = "\"${PODS_ROOT}/Target Support Files/Pods-Demo/Pods-Demo-frameworks.sh\"\n";
			showEnvVarsInLog = 0;
		};
		8D11708BC984D5FF33914711 /* [CP] Check Pods Manifest.lock */ = {
			isa = PBXShellScriptBuildPhase;
			buildActionMask = 2147483647;
			files = (
			);
			inputFileListPaths = (
			);
			inputPaths = (
				"${PODS_PODFILE_DIR_PATH}/Podfile.lock",
				"${PODS_ROOT}/Manifest.lock",
			);
			name = "[CP] Check Pods Manifest.lock";
			outputFileListPaths = (
			);
			outputPaths = (
				"$(DERIVED_FILE_DIR)/Pods-Demo-checkManifestLockResult.txt",
			);
			runOnlyForDeploymentPostprocessing = 0;
			shellPath = /bin/sh;
			shellScript = "diff \"${PODS_PODFILE_DIR_PATH}/Podfile.lock\" \"${PODS_ROOT}/Manifest.lock\" > /dev/null\nif [ $? != 0 ] ; then\n    # print error to STDERR\n    echo \"error: The sandbox is not in sync with the Podfile.lock. Run 'pod install' or update your CocoaPods installation.\" >&2\n    exit 1\nfi\n# This output is used by Xcode 'outputs' to avoid re-running this script phase.\necho \"SUCCESS\" > \"${SCRIPT_OUTPUT_FILE_0}\"\n";
			showEnvVarsInLog = 0;
		};
/* End PBXShellScriptBuildPhase section */

/* Begin PBXSourcesBuildPhase section */
		44E3DAB4266D64EB0013A5F3 /* Sources */ = {
			isa = PBXSourcesBuildPhase;
			buildActionMask = 2147483647;
			files = (
				44E3DB2B266E91B10013A5F3 /* EventsAPIRouter.swift in Sources */,
				44E3DB55266EC2DA0013A5F3 /* storage.xcdatamodeld in Sources */,
				44E3DB0E266E840D0013A5F3 /* URLRequestConvertible.swift in Sources */,
				44E3DB3A266EB0810013A5F3 /* Mapping.swift in Sources */,
				44E3DB43266EBC600013A5F3 /* DBObjectService.swift in Sources */,
				44E3DB02266D7BCC0013A5F3 /* NameDescribable.swift in Sources */,
				44E3DB12266E85BF0013A5F3 /* ServerService.swift in Sources */,
				44E3DB00266D7B5F0013A5F3 /* UIViewController+Extension.swift in Sources */,
				44E3DAEA266D73F30013A5F3 /* SceneCoordinator.swift in Sources */,
				44E3DB2D266E95440013A5F3 /* EventsServerServiceContract.swift in Sources */,
				44E3DAEE266D753E0013A5F3 /* EventsCoordinator.swift in Sources */,
				44E3DB09266E825B0013A5F3 /* Logging.swift in Sources */,
				44E3DB57266EC3D60013A5F3 /* Event+Extension.swift in Sources */,
				44E3DB10266E84420013A5F3 /* AppConfiguration.swift in Sources */,
				44E3DB38266EADB10013A5F3 /* EventModel.swift in Sources */,
				44E3DB4A266EBD3F0013A5F3 /* DBRequestable.swift in Sources */,
				44E3DB33266E971A0013A5F3 /* EventsService.swift in Sources */,
				44E3DB46266EBCC50013A5F3 /* DBEntity.swift in Sources */,
				44E3DAF6266D79320013A5F3 /* EventsContract.swift in Sources */,
				44E3DB36266EADA10013A5F3 /* VenueModel.swift in Sources */,
				44E3DB15266E860C0013A5F3 /* Types.swift in Sources */,
				44E3DAE7266D71600013A5F3 /* CoordinatorContract.swift in Sources */,
				44E3DB1B266E884E0013A5F3 /* URLSessionService.swift in Sources */,
				44E3DB31266E96CE0013A5F3 /* EventsServiceContract.swift in Sources */,
				44E3DAE5266D6EFC0013A5F3 /* SceneDelegateService.swift in Sources */,
				44E3DB19266E87B10013A5F3 /* ServerResponseProcessing.swift in Sources */,
				44E3DB1E266E88F20013A5F3 /* ServerServicesHelper.swift in Sources */,
				44E3DB2F266E958E0013A5F3 /* EventsServerService.swift in Sources */,
				44E3DAF3266D78A60013A5F3 /* Storyboard.swift in Sources */,
				44E3DB3C266EB32F0013A5F3 /* DateFormatter+Extension.swift in Sources */,
				44E3DB48266EBD060013A5F3 /* DBObjectIdentifier.swift in Sources */,
				44E3DB3F266EBB0A0013A5F3 /* DBManagerContract.swift in Sources */,
				44E3DB22266E8A6B0013A5F3 /* NSError+Extension.swift in Sources */,
				44E3DB59266EC3E10013A5F3 /* Venue+Extension.swift in Sources */,
				44E3DADD266D6B9C0013A5F3 /* AppDelegateService.swift in Sources */,
				44E3DAE0266D6C240013A5F3 /* ServicesProviding.swift in Sources */,
				44E3DB17266E86890013A5F3 /* ServerRequesting.swift in Sources */,
				44E3DB28266E911B0013A5F3 /* ServerAPI.swift in Sources */,
				44E3DAF8266D79400013A5F3 /* EventsConfigurator.swift in Sources */,
				44E3DB5C266EC8040013A5F3 /* DBObjectService+Event.swift in Sources */,
				44E3DB4E266EC1210013A5F3 /* DBIdentifibleByStringId.swift in Sources */,
				44E3DABC266D64EB0013A5F3 /* AppDelegate.swift in Sources */,
				44E3DAFC266D795C0013A5F3 /* EventsPresenter.swift in Sources */,
				44E3DB20266E89420013A5F3 /* ErrorCodes.swift in Sources */,
				44E3DB41266EBB410013A5F3 /* DBManager.swift in Sources */,
				44E3DAFA266D79510013A5F3 /* EventsViewController.swift in Sources */,
				44E3DB4C266EBE220013A5F3 /* DBIdentifibleByIntId.swift in Sources */,
				44E3DAE3266D6C6E0013A5F3 /* ServicesProvider.swift in Sources */,
				44E3DABE266D64EB0013A5F3 /* SceneDelegate.swift in Sources */,
				44E3DB0C266E83CE0013A5F3 /* NetworkingEnumerations.swift in Sources */,
				44E3DB51266EC18D0013A5F3 /* NSManagedObjectContext+Extension.swift in Sources */,
			);
			runOnlyForDeploymentPostprocessing = 0;
		};
/* End PBXSourcesBuildPhase section */

/* Begin PBXVariantGroup section */
		44E3DAC1266D64EB0013A5F3 /* Main.storyboard */ = {
			isa = PBXVariantGroup;
			children = (
				44E3DAC2266D64EB0013A5F3 /* Base */,
			);
			name = Main.storyboard;
			sourceTree = "<group>";
		};
		44E3DAC6266D64EC0013A5F3 /* LaunchScreen.storyboard */ = {
			isa = PBXVariantGroup;
			children = (
				44E3DAC7266D64EC0013A5F3 /* Base */,
			);
			name = LaunchScreen.storyboard;
			sourceTree = "<group>";
		};
/* End PBXVariantGroup section */

/* Begin XCBuildConfiguration section */
		44E3DACA266D64EC0013A5F3 /* Debug */ = {
			isa = XCBuildConfiguration;
			buildSettings = {
				ALWAYS_SEARCH_USER_PATHS = NO;
				CLANG_ANALYZER_NONNULL = YES;
				CLANG_ANALYZER_NUMBER_OBJECT_CONVERSION = YES_AGGRESSIVE;
				CLANG_CXX_LANGUAGE_STANDARD = "gnu++14";
				CLANG_CXX_LIBRARY = "libc++";
				CLANG_ENABLE_MODULES = YES;
				CLANG_ENABLE_OBJC_ARC = YES;
				CLANG_ENABLE_OBJC_WEAK = YES;
				CLANG_WARN_BLOCK_CAPTURE_AUTORELEASING = YES;
				CLANG_WARN_BOOL_CONVERSION = YES;
				CLANG_WARN_COMMA = YES;
				CLANG_WARN_CONSTANT_CONVERSION = YES;
				CLANG_WARN_DEPRECATED_OBJC_IMPLEMENTATIONS = YES;
				CLANG_WARN_DIRECT_OBJC_ISA_USAGE = YES_ERROR;
				CLANG_WARN_DOCUMENTATION_COMMENTS = YES;
				CLANG_WARN_EMPTY_BODY = YES;
				CLANG_WARN_ENUM_CONVERSION = YES;
				CLANG_WARN_INFINITE_RECURSION = YES;
				CLANG_WARN_INT_CONVERSION = YES;
				CLANG_WARN_NON_LITERAL_NULL_CONVERSION = YES;
				CLANG_WARN_OBJC_IMPLICIT_RETAIN_SELF = YES;
				CLANG_WARN_OBJC_LITERAL_CONVERSION = YES;
				CLANG_WARN_OBJC_ROOT_CLASS = YES_ERROR;
				CLANG_WARN_QUOTED_INCLUDE_IN_FRAMEWORK_HEADER = YES;
				CLANG_WARN_RANGE_LOOP_ANALYSIS = YES;
				CLANG_WARN_STRICT_PROTOTYPES = YES;
				CLANG_WARN_SUSPICIOUS_MOVE = YES;
				CLANG_WARN_UNGUARDED_AVAILABILITY = YES_AGGRESSIVE;
				CLANG_WARN_UNREACHABLE_CODE = YES;
				CLANG_WARN__DUPLICATE_METHOD_MATCH = YES;
				COPY_PHASE_STRIP = NO;
				DEBUG_INFORMATION_FORMAT = dwarf;
				ENABLE_STRICT_OBJC_MSGSEND = YES;
				ENABLE_TESTABILITY = YES;
				GCC_C_LANGUAGE_STANDARD = gnu11;
				GCC_DYNAMIC_NO_PIC = NO;
				GCC_NO_COMMON_BLOCKS = YES;
				GCC_OPTIMIZATION_LEVEL = 0;
				GCC_PREPROCESSOR_DEFINITIONS = (
					"DEBUG=1",
					"$(inherited)",
				);
				GCC_WARN_64_TO_32_BIT_CONVERSION = YES;
				GCC_WARN_ABOUT_RETURN_TYPE = YES_ERROR;
				GCC_WARN_UNDECLARED_SELECTOR = YES;
				GCC_WARN_UNINITIALIZED_AUTOS = YES_AGGRESSIVE;
				GCC_WARN_UNUSED_FUNCTION = YES;
				GCC_WARN_UNUSED_VARIABLE = YES;
				IPHONEOS_DEPLOYMENT_TARGET = 14.5;
				MTL_ENABLE_DEBUG_INFO = INCLUDE_SOURCE;
				MTL_FAST_MATH = YES;
				ONLY_ACTIVE_ARCH = YES;
				SDKROOT = iphoneos;
				SWIFT_ACTIVE_COMPILATION_CONDITIONS = DEBUG;
				SWIFT_OPTIMIZATION_LEVEL = "-Onone";
			};
			name = Debug;
		};
		44E3DACB266D64EC0013A5F3 /* Release */ = {
			isa = XCBuildConfiguration;
			buildSettings = {
				ALWAYS_SEARCH_USER_PATHS = NO;
				CLANG_ANALYZER_NONNULL = YES;
				CLANG_ANALYZER_NUMBER_OBJECT_CONVERSION = YES_AGGRESSIVE;
				CLANG_CXX_LANGUAGE_STANDARD = "gnu++14";
				CLANG_CXX_LIBRARY = "libc++";
				CLANG_ENABLE_MODULES = YES;
				CLANG_ENABLE_OBJC_ARC = YES;
				CLANG_ENABLE_OBJC_WEAK = YES;
				CLANG_WARN_BLOCK_CAPTURE_AUTORELEASING = YES;
				CLANG_WARN_BOOL_CONVERSION = YES;
				CLANG_WARN_COMMA = YES;
				CLANG_WARN_CONSTANT_CONVERSION = YES;
				CLANG_WARN_DEPRECATED_OBJC_IMPLEMENTATIONS = YES;
				CLANG_WARN_DIRECT_OBJC_ISA_USAGE = YES_ERROR;
				CLANG_WARN_DOCUMENTATION_COMMENTS = YES;
				CLANG_WARN_EMPTY_BODY = YES;
				CLANG_WARN_ENUM_CONVERSION = YES;
				CLANG_WARN_INFINITE_RECURSION = YES;
				CLANG_WARN_INT_CONVERSION = YES;
				CLANG_WARN_NON_LITERAL_NULL_CONVERSION = YES;
				CLANG_WARN_OBJC_IMPLICIT_RETAIN_SELF = YES;
				CLANG_WARN_OBJC_LITERAL_CONVERSION = YES;
				CLANG_WARN_OBJC_ROOT_CLASS = YES_ERROR;
				CLANG_WARN_QUOTED_INCLUDE_IN_FRAMEWORK_HEADER = YES;
				CLANG_WARN_RANGE_LOOP_ANALYSIS = YES;
				CLANG_WARN_STRICT_PROTOTYPES = YES;
				CLANG_WARN_SUSPICIOUS_MOVE = YES;
				CLANG_WARN_UNGUARDED_AVAILABILITY = YES_AGGRESSIVE;
				CLANG_WARN_UNREACHABLE_CODE = YES;
				CLANG_WARN__DUPLICATE_METHOD_MATCH = YES;
				COPY_PHASE_STRIP = NO;
				DEBUG_INFORMATION_FORMAT = "dwarf-with-dsym";
				ENABLE_NS_ASSERTIONS = NO;
				ENABLE_STRICT_OBJC_MSGSEND = YES;
				GCC_C_LANGUAGE_STANDARD = gnu11;
				GCC_NO_COMMON_BLOCKS = YES;
				GCC_WARN_64_TO_32_BIT_CONVERSION = YES;
				GCC_WARN_ABOUT_RETURN_TYPE = YES_ERROR;
				GCC_WARN_UNDECLARED_SELECTOR = YES;
				GCC_WARN_UNINITIALIZED_AUTOS = YES_AGGRESSIVE;
				GCC_WARN_UNUSED_FUNCTION = YES;
				GCC_WARN_UNUSED_VARIABLE = YES;
				IPHONEOS_DEPLOYMENT_TARGET = 14.5;
				MTL_ENABLE_DEBUG_INFO = NO;
				MTL_FAST_MATH = YES;
				SDKROOT = iphoneos;
				SWIFT_COMPILATION_MODE = wholemodule;
				SWIFT_OPTIMIZATION_LEVEL = "-O";
				VALIDATE_PRODUCT = YES;
			};
			name = Release;
		};
		44E3DACD266D64EC0013A5F3 /* Debug */ = {
			isa = XCBuildConfiguration;
			baseConfigurationReference = 9C909F1BD8C71C2BE7AA4336 /* Pods-Demo.debug.xcconfig */;
			buildSettings = {
				ASSETCATALOG_COMPILER_APPICON_NAME = AppIcon;
				ASSETCATALOG_COMPILER_GLOBAL_ACCENT_COLOR_NAME = AccentColor;
				CODE_SIGN_STYLE = Automatic;
				INFOPLIST_FILE = Demo/Info.plist;
				LD_RUNPATH_SEARCH_PATHS = (
					"$(inherited)",
					"@executable_path/Frameworks",
				);
				PRODUCT_BUNDLE_IDENTIFIER = com.rm.demo;
				PRODUCT_NAME = "$(TARGET_NAME)";
				SWIFT_VERSION = 5.0;
				TARGETED_DEVICE_FAMILY = 1;
			};
			name = Debug;
		};
		44E3DACE266D64EC0013A5F3 /* Release */ = {
			isa = XCBuildConfiguration;
			baseConfigurationReference = 531F493955155E61031A744C /* Pods-Demo.release.xcconfig */;
			buildSettings = {
				ASSETCATALOG_COMPILER_APPICON_NAME = AppIcon;
				ASSETCATALOG_COMPILER_GLOBAL_ACCENT_COLOR_NAME = AccentColor;
				CODE_SIGN_STYLE = Automatic;
				INFOPLIST_FILE = Demo/Info.plist;
				LD_RUNPATH_SEARCH_PATHS = (
					"$(inherited)",
					"@executable_path/Frameworks",
				);
				PRODUCT_BUNDLE_IDENTIFIER = com.rm.demo;
				PRODUCT_NAME = "$(TARGET_NAME)";
				SWIFT_VERSION = 5.0;
				TARGETED_DEVICE_FAMILY = 1;
			};
			name = Release;
		};
/* End XCBuildConfiguration section */

/* Begin XCConfigurationList section */
		44E3DAB3266D64EB0013A5F3 /* Build configuration list for PBXProject "Demo" */ = {
			isa = XCConfigurationList;
			buildConfigurations = (
				44E3DACA266D64EC0013A5F3 /* Debug */,
				44E3DACB266D64EC0013A5F3 /* Release */,
			);
			defaultConfigurationIsVisible = 0;
			defaultConfigurationName = Release;
		};
		44E3DACC266D64EC0013A5F3 /* Build configuration list for PBXNativeTarget "Demo" */ = {
			isa = XCConfigurationList;
			buildConfigurations = (
				44E3DACD266D64EC0013A5F3 /* Debug */,
				44E3DACE266D64EC0013A5F3 /* Release */,
			);
			defaultConfigurationIsVisible = 0;
			defaultConfigurationName = Release;
		};
/* End XCConfigurationList section */

/* Begin XCRemoteSwiftPackageReference section */
		44E3DAD6266D6A3C0013A5F3 /* XCRemoteSwiftPackageReference "SDWebImage" */ = {
			isa = XCRemoteSwiftPackageReference;
			repositoryURL = "https://github.com/SDWebImage/SDWebImage.git";
			requirement = {
				kind = upToNextMajorVersion;
				minimumVersion = 5.11.1;
			};
		};
		44E3DB23266E8B4B0013A5F3 /* XCRemoteSwiftPackageReference "Alamofire" */ = {
			isa = XCRemoteSwiftPackageReference;
			repositoryURL = "https://github.com/Alamofire/Alamofire.git";
			requirement = {
				kind = upToNextMajorVersion;
				minimumVersion = 4.9.1;
			};
		};
/* End XCRemoteSwiftPackageReference section */

/* Begin XCSwiftPackageProductDependency section */
		44E3DAD7266D6A3C0013A5F3 /* SDWebImage */ = {
			isa = XCSwiftPackageProductDependency;
			package = 44E3DAD6266D6A3C0013A5F3 /* XCRemoteSwiftPackageReference "SDWebImage" */;
			productName = SDWebImage;
		};
		44E3DB24266E8B4B0013A5F3 /* Alamofire */ = {
			isa = XCSwiftPackageProductDependency;
			package = 44E3DB23266E8B4B0013A5F3 /* XCRemoteSwiftPackageReference "Alamofire" */;
			productName = Alamofire;
		};
/* End XCSwiftPackageProductDependency section */

/* Begin XCVersionGroup section */
		44E3DB53266EC2DA0013A5F3 /* storage.xcdatamodeld */ = {
			isa = XCVersionGroup;
			children = (
				44E3DB54266EC2DA0013A5F3 /* storage.xcdatamodel */,
			);
			currentVersion = 44E3DB54266EC2DA0013A5F3 /* storage.xcdatamodel */;
			path = storage.xcdatamodeld;
			sourceTree = "<group>";
			versionGroupType = wrapper.xcdatamodel;
		};
/* End XCVersionGroup section */
	};
	rootObject = 44E3DAB0266D64EB0013A5F3 /* Project object */;
}
